
Microsoft Visual Studio Solution File, Format Version 12.00
# Visual Studio 2013
Project("{FAE04EC0-301F-11D3-BF4B-00C04F79EFBC}") = "UnityVS.WGame.CSharp", "UnityVS.WGame.CSharp.csproj", "{C753D3B6-B45A-1F84-1882-108442F34E86}"
EndProject
Project("{FAE04EC0-301F-11D3-BF4B-00C04F79EFBC}") = "UnityVS.WGame.CSharp.Editor", "UnityVS.WGame.CSharp.Editor.csproj", "{07AC4C7D-9B97-97F3-9F63-222C0009A715}"
EndProject
Global
	GlobalSection(SolutionConfigurationPlatforms) = preSolution
		Debug|Any CPU = Debug|Any CPU
		Release|Any CPU = Release|Any CPU
	EndGlobalSection
	GlobalSection(ProjectConfigurationPlatforms) = postSolution
		{C753D3B6-B45A-1F84-1882-108442F34E86}.Debug|Any CPU.ActiveCfg = Debug|Any CPU
		{C753D3B6-B45A-1F84-1882-108442F34E86}.Debug|Any CPU.Build.0 = Debug|Any CPU
		{C753D3B6-B45A-1F84-1882-108442F34E86}.Release|Any CPU.ActiveCfg = Release|Any CPU
		{C753D3B6-B45A-1F84-1882-108442F34E86}.Release|Any CPU.Build.0 = Release|Any CPU
		{07AC4C7D-9B97-97F3-9F63-222C0009A715}.Debug|Any CPU.ActiveCfg = Debug|Any CPU
		{07AC4C7D-9B97-97F3-9F63-222C0009A715}.Debug|Any CPU.Build.0 = Debug|Any CPU
		{07AC4C7D-9B97-97F3-9F63-222C0009A715}.Release|Any CPU.ActiveCfg = Release|Any CPU
		{07AC4C7D-9B97-97F3-9F63-222C0009A715}.Release|Any CPU.Build.0 = Release|Any CPU
	EndGlobalSection
	GlobalSection(SolutionProperties) = preSolution
		HideSolutionNode = FALSE
	EndGlobalSection
EndGlobal
